# THIS IS AN AUTOGENERATED FILE. DO NOT EDIT THIS FILE DIRECTLY
# generate-deploy.lock

version: 2.3.0-alpha.4
commit_hash: fae955b2b9d09f0b557bea460083d41c9799af0c
tree:
  name: deploy
  children:
    - name: .gitignore
      size: 8
      extension: ''
      type: file
      hash: 8dd98ed4e7c19988e7e6bb157d779af60ee70761
      relative: ./.gitignore
    - name: deploy.sh
      size: 3184
      extension: .sh
      type: file
      hash: f0ef7291f09513e9f27a4abea41b5b688e0a8b70
      relative: ./deploy.sh
    - name: nick-circle-1-api-deployment.yaml
      size: 509
      extension: .yaml
      type: file
      hash: 96021c677787040f93e4a8f0b0d676141ef44761
      relative: ./nick-circle-1-api-deployment.yaml
    - name: nick-circle-1-prod
      children:
        - name: nick-circle-1-api-ingress.yaml
          size: 611
          extension: .yaml
          type: file
          hash: 765d25b42843d9333d6446ed8bd5cf29e4940c65
          relative: ./nick-circle-1-prod/nick-circle-1-api-ingress.yaml
        - name: nick-circle-1-api-service.yaml
          size: 284
          extension: .yaml
          type: file
          hash: 415f44475adbaed44a1078576b046dc238719639
          relative: ./nick-circle-1-prod/nick-circle-1-api-service.yaml
      size: 895
      type: directory
    - name: nick-circle-1-staging
      children:
        - name: nick-circle-1-api-ingress.yaml
          size: 620
          extension: .yaml
          type: file
          hash: 2c9cecefb0965d2a25b9ab01e6a7bbdbc3b48726
          relative: ./nick-circle-1-staging/nick-circle-1-api-ingress.yaml
        - name: nick-circle-1-api-service.yaml
          size: 284
          extension: .yaml
          type: file
          hash: 415f44475adbaed44a1078576b046dc238719639
          relative: ./nick-circle-1-staging/nick-circle-1-api-service.yaml
      size: 904
      type: directory
  size: 5500
  type: directory
